Microsoft Visual Studio Solution File, Format Version 12.00
# Visual Studio Version 17
VisualStudioVersion = 17.0.31903.59
MinimumVisualStudioVersion = 10.0.40219.1
Project("{9A19103F-16F7-4668-BE54-9A1E7A4F7556}") = "App.Core", "src\App.Core\App.Core.csproj", "{9CB461B7-9195-4871-A0A6-8207ACE29010}"
EndProject
Project("{9A19103F-16F7-4668-BE54-9A1E7A4F7556}") = "App.Application", "src\App.Application\App.Application.csproj", "{8BB7E271-FAC6-4D4B-9CB3-D58FEFD3B768}"
EndProject
Project("{9A19103F-16F7-4668-BE54-9A1E7A4F7556}") = "App.Infrastructure", "src\App.Infrastructure\App.Infrastructure.csproj", "{658A39E2-498E-4DD8-B84C-1D6E39683BF6}"
EndProject
Project("{9A19103F-16F7-4668-BE54-9A1E7A4F7556}") = "App.Api", "src\App.Api\App.Api.csproj", "{52078679-A0D4-4131-82B7-27A2E536A4DB}"
EndProject
Project("{9A19103F-16F7-4668-BE54-9A1E7A4F7556}") = "App.UnitTests", "src\App.UnitTests\App.UnitTests.csproj", "{FD49ABCD-2DEA-4968-9E85-B636CA1AE447}"
EndProject
Global
	GlobalSection(SolutionConfigurationPlatforms) = preSolution
		Debug|Any CPU = Debug|Any CPU
		Release|Any CPU = Release|Any CPU
	EndGlobalSection
	GlobalSection(ProjectConfigurationPlatforms) = postSolution
		{9CB461B7-9195-4871-A0A6-8207ACE29010}.Debug|Any CPU.ActiveCfg = Debug|Any CPU
		{9CB461B7-9195-4871-A0A6-8207ACE29010}.Debug|Any CPU.Build.0 = Debug|Any CPU
		{9CB461B7-9195-4871-A0A6-8207ACE29010}.Release|Any CPU.ActiveCfg = Release|Any CPU
		{9CB461B7-9195-4871-A0A6-8207ACE29010}.Release|Any CPU.Build.0 = Release|Any CPU
		{8BB7E271-FAC6-4D4B-9CB3-D58FEFD3B768}.Debug|Any CPU.ActiveCfg = Debug|Any CPU
		{8BB7E271-FAC6-4D4B-9CB3-D58FEFD3B768}.Debug|Any CPU.Build.0 = Debug|Any CPU
		{8BB7E271-FAC6-4D4B-9CB3-D58FEFD3B768}.Release|Any CPU.ActiveCfg = Release|Any CPU
		{8BB7E271-FAC6-4D4B-9CB3-D58FEFD3B768}.Release|Any CPU.Build.0 = Release|Any CPU
		{658A39E2-498E-4DD8-B84C-1D6E39683BF6}.Debug|Any CPU.ActiveCfg = Debug|Any CPU
		{658A39E2-498E-4DD8-B84C-1D6E39683BF6}.Debug|Any CPU.Build.0 = Debug|Any CPU
		{658A39E2-498E-4DD8-B84C-1D6E39683BF6}.Release|Any CPU.ActiveCfg = Release|Any CPU
		{658A39E2-498E-4DD8-B84C-1D6E39683BF6}.Release|Any CPU.Build.0 = Release|Any CPU
		{52078679-A0D4-4131-82B7-27A2E536A4DB}.Debug|Any CPU.ActiveCfg = Debug|Any CPU
		{52078679-A0D4-4131-82B7-27A2E536A4DB}.Debug|Any CPU.Build.0 = Debug|Any CPU
		{52078679-A0D4-4131-82B7-27A2E536A4DB}.Release|Any CPU.ActiveCfg = Release|Any CPU
		{52078679-A0D4-4131-82B7-27A2E536A4DB}.Release|Any CPU.Build.0 = Release|Any CPU
		{FD49ABCD-2DEA-4968-9E85-B636CA1AE447}.Debug|Any CPU.ActiveCfg = Debug|Any CPU
		{FD49ABCD-2DEA-4968-9E85-B636CA1AE447}.Debug|Any CPU.Build.0 = Debug|Any CPU
		{FD49ABCD-2DEA-4968-9E85-B636CA1AE447}.Release|Any CPU.ActiveCfg = Release|Any CPU
		{FD49ABCD-2DEA-4968-9E85-B636CA1AE447}.Release|Any CPU.Build.0 = Release|Any CPU
	EndGlobalSection
EndGlobal
